Microsoft Visual Studio Solution File, Format Version 11.00
# Visual Studio 2008

Project("{9F2C9A47-E733-63A2-7ECE-ADC5EF39A2D9}") = "TDgame", "Assembly-CSharp.csproj", "{22F5363E-1004-2FFC-FCD7-E324F43A4698}"
EndProject
Global
	GlobalSection(SolutionConfigurationPlatforms) = preSolution
		Debug|Any CPU = Debug|Any CPU
		Release|Any CPU = Release|Any CPU
	EndGlobalSection
	GlobalSection(ProjectConfigurationPlatforms) = postSolution
		{22F5363E-1004-2FFC-FCD7-E324F43A4698}.Debug|Any CPU.ActiveCfg = Debug|Any CPU
		{22F5363E-1004-2FFC-FCD7-E324F43A4698}.Debug|Any CPU.Build.0 = Debug|Any CPU
		{22F5363E-1004-2FFC-FCD7-E324F43A4698}.Release|Any CPU.ActiveCfg = Release|Any CPU
		{22F5363E-1004-2FFC-FCD7-E324F43A4698}.Release|Any CPU.Build.0 = Release|Any CPU
	EndGlobalSection
	GlobalSection(SolutionProperties) = preSolution
		HideSolutionNode = FALSE
	EndGlobalSection
	GlobalSection(MonoDevelopProperties) = preSolution
		StartupItem = Assembly-CSharp.csproj
	EndGlobalSection
EndGlobal
